// !$*UTF8*$!
{
	archiveVersion = 1;
	classes = {
	};
	objectVersion = 77;
	objects = {

/* Begin PBXBuildFile section */
		9C59C7F52ED2D51500FBABC3 /* FirebaseAuth in Frameworks */ = {isa = PBXBuildFile; productRef = 9C59C7F42ED2D51500FBABC3 /* FirebaseAuth */; };
		9C59C7F72ED2D51500FBABC3 /* FirebaseCore in Frameworks */ = {isa = PBXBuildFile; productRef = 9C59C7F62ED2D51500FBABC3 /* FirebaseCore */; };
		9C59C7F92ED2D51500FBABC3 /* FirebaseFirestore in Frameworks */ = {isa = PBXBuildFile; productRef = 9C59C7F82ED2D51500FBABC3 /* FirebaseFirestore */; };
		9C59C7FF2ED2E52B00FBABC3 /* FirebaseStorage in Frameworks */ = {isa = PBXBuildFile; productRef = 9C59C7FE2ED2E52B00FBABC3 /* FirebaseStorage */; };
/* End PBXBuildFile section */

/* Begin PBXContainerItemProxy section */
		9C0B8E782EC880DC000337A1 /* PBXContainerItemProxy */ = {
			isa = PBXContainerItemProxy;
			containerPortal = 9C0B8E622EC880DA000337A1 /* Project object */;
			proxyType = 1;
			remoteGlobalIDString = 9C0B8E692EC880DA000337A1;
			remoteInfo = rhythm;
		};
		9C0B8E822EC880DC000337A1 /* PBXContainerItemProxy */ = {
			isa = PBXContainerItemProxy;
			containerPortal = 9C0B8E622EC880DA000337A1 /* Project object */;
			proxyType = 1;
			remoteGlobalIDString = 9C0B8E692EC880DA000337A1;
			remoteInfo = rhythm;
		};
/* End PBXContainerItemProxy section */

/* Begin PBXFileReference section */
		9C6CCC042EC88A7500CDB08F /* SYNqFliQ.app */ = {isa = PBXFileReference; explicitFileType = wrapper.application; includeInIndex = 0; path = SYNqFliQ.app; sourceTree = BUILT_PRODUCTS_DIR; };
		9C6CCC052EC88A7500CDB08F /* SYNqFliQTests.xctest */ = {isa = PBXFileReference; explicitFileType = wrapper.cfbundle; includeInIndex = 0; path = SYNqFliQTests.xctest; sourceTree = BUILT_PRODUCTS_DIR; };
		9C6CCC062EC88A7500CDB08F /* SYNqFliQUITests.xctest */ = {isa = PBXFileReference; explicitFileType = wrapper.cfbundle; includeInIndex = 0; path = SYNqFliQUITests.xctest; sourceTree = BUILT_PRODUCTS_DIR; };
/* End PBXFileReference section */

/* Begin PBXFileSystemSynchronizedBuildFileExceptionSet section */
		9C59C8A72ED6FAC500FBABC3 /* Exceptions for "SYNqFliQ" folder in "SYNqFliQ" target */ = {
			isa = PBXFileSystemSynchronizedBuildFileExceptionSet;
			membershipExceptions = (
				ActiveNoteModel.swift,
				ActiveNoteView.swift,
				AppModel.swift,
				Assets.xcassets,
				ChapterSelectionView.swift,
				ContentView.swift,
				Credits.json,
				CreditsView.swift,
				CrescentView.swift,
				FloatingButton.swift,
				GlitchOverlay.swift,
				"GoogleService-Info.plist",
				HistoryScreen.swift,
				HistoryUIViews.swift,
				ImportScoreView.swift,
				JudgementNearby.swift,
				Models.swift,
				Models/FirebaseModels.swift,
				NoiseSweepView.swift,
				Notifications.swift,
				PlaybackControllerFacade.swift,
				PlayHistory.swift,
				ResultsView.swift,
				ScoreStore.swift,
				Services/Auth/AccountSettingsView.swift,
				Services/Auth/AuthManager.swift,
				Services/Auth/ImagePicker.swift,
				Services/Auth/SignInView.swift,
				Services/Firestore/FirestoreManager.swift,
				SettingsStore.swift,
				SettingsView.swift,
				ShareSheet.swift,
				SongSelectionView.swift,
				SoundEffectManager.swift,
				StoriesView.swift,
				SYNqFliQApp.swift,
				TitleView.swift,
				TouchOverlay.swift,
				TutorialView.swift,
				Utilities/FirebaseSetup.swift,
			);
			target = 9C0B8E692EC880DA000337A1 /* SYNqFliQ */;
		};
		9C9486312EC88C3D005CE7CD /* Exceptions for "SYNqFliQTests" folder in "SYNqFliQTests" target */ = {
			isa = PBXFileSystemSynchronizedBuildFileExceptionSet;
			membershipExceptions = (
				SYNqFliQTests.swift,
			);
			target = 9C0B8E762EC880DC000337A1 /* SYNqFliQTests */;
		};
		9C9CEA512EDB36D200EA48AD /* Exceptions for "Resources" folder in "SYNqFliQ" target */ = {
			isa = PBXFileSystemSynchronizedBuildFileExceptionSet;
			membershipExceptions = (
				"bundled-audio/rhythmUITests.swift",
			);
			target = 9C0B8E692EC880DA000337A1 /* SYNqFliQ */;
		};
/* End PBXFileSystemSynchronizedBuildFileExceptionSet section */

/* Begin PBXFileSystemSynchronizedGroupBuildPhaseMembershipExceptionSet section */
		9CF790042EE18707001623B1 /* Exceptions for "SYNqFliQ" folder in "Copy Bundle Resources" phase from "SYNqFliQ" target */ = {
			isa = PBXFileSystemSynchronizedGroupBuildPhaseMembershipExceptionSet;
			buildPhase = 9C0B8E682EC880DA000337A1 /* Resources */;
			membershipExceptions = (
				Notifications.swift,
			);
		};
/* End PBXFileSystemSynchronizedGroupBuildPhaseMembershipExceptionSet section */

/* Begin PBXFileSystemSynchronizedRootGroup section */
		9C0B8E7A2EC880DC000337A1 /* SYNqFliQTests */ = {
			isa = PBXFileSystemSynchronizedRootGroup;
			exceptions = (
				9C9486312EC88C3D005CE7CD /* Exceptions for "SYNqFliQTests" folder in "SYNqFliQTests" target */,
			);
			path = SYNqFliQTests;
			sourceTree = "<group>";
		};
		9C0B8E842EC880DC000337A1 /* SYNqFliQUITests */ = {
			isa = PBXFileSystemSynchronizedRootGroup;
			path = SYNqFliQUITests;
			sourceTree = "<group>";
		};
		9C0B8EA12EC887EF000337A1 /* Resources */ = {
			isa = PBXFileSystemSynchronizedRootGroup;
			exceptions = (
				9C9CEA512EDB36D200EA48AD /* Exceptions for "Resources" folder in "SYNqFliQ" target */,
			);
			path = Resources;
			sourceTree = "<group>";
		};
		9C59C8A12ED6FA5800FBABC3 /* SYNqFliQ */ = {
			isa = PBXFileSystemSynchronizedRootGroup;
			exceptions = (
				9C59C8A72ED6FAC500FBABC3 /* Exceptions for "SYNqFliQ" folder in "SYNqFliQ" target */,
				9CF790042EE18707001623B1 /* Exceptions for "SYNqFliQ" folder in "Copy Bundle Resources" phase from "SYNqFliQ" target */,
			);
			path = SYNqFliQ;
			sourceTree = "<group>";
		};
/* End PBXFileSystemSynchronizedRootGroup section */

/* Begin PBXFrameworksBuildPhase section */
		9C0B8E672EC880DA000337A1 /* Frameworks */ = {
			isa = PBXFrameworksBuildPhase;
			buildActionMask = 2147483647;
			files = (
				9C59C7F72ED2D51500FBABC3 /* FirebaseCore in Frameworks */,
				9C59C7FF2ED2E52B00FBABC3 /* FirebaseStorage in Frameworks */,
				9C59C7F52ED2D51500FBABC3 /* FirebaseAuth in Frameworks */,
				9C59C7F92ED2D51500FBABC3 /* FirebaseFirestore in Frameworks */,
			);
			runOnlyForDeploymentPostprocessing = 0;
		};
		9C0B8E742EC880DC000337A1 /* Frameworks */ = {
			isa = PBXFrameworksBuildPhase;
			buildActionMask = 2147483647;
			files = (
			);
			runOnlyForDeploymentPostprocessing = 0;
		};
		9C0B8E7E2EC880DC000337A1 /* Frameworks */ = {
			isa = PBXFrameworksBuildPhase;
			buildActionMask = 2147483647;
			files = (
			);
			runOnlyForDeploymentPostprocessing = 0;
		};
/* End PBXFrameworksBuildPhase section */

/* Begin PBXGroup section */
		9C0B8E612EC880DA000337A1 = {
			isa = PBXGroup;
			children = (
				9C59C8A12ED6FA5800FBABC3 /* SYNqFliQ */,
				9C0B8E7A2EC880DC000337A1 /* SYNqFliQTests */,
				9C0B8E842EC880DC000337A1 /* SYNqFliQUITests */,
				9C0B8EA12EC887EF000337A1 /* Resources */,
				9C6CCC042EC88A7500CDB08F /* SYNqFliQ.app */,
				9C6CCC052EC88A7500CDB08F /* SYNqFliQTests.xctest */,
				9C6CCC062EC88A7500CDB08F /* SYNqFliQUITests.xctest */,
				9C59C7FA2ED2D57C00FBABC3 /* Frameworks */,
			);
			sourceTree = "<group>";
		};
		9C59C7FA2ED2D57C00FBABC3 /* Frameworks */ = {
			isa = PBXGroup;
			children = (
			);
			name = Frameworks;
			sourceTree = "<group>";
		};
/* End PBXGroup section */

/* Begin PBXNativeTarget section */
		9C0B8E692EC880DA000337A1 /* SYNqFliQ */ = {
			isa = PBXNativeTarget;
			buildConfigurationList = 9C0B8E8B2EC880DC000337A1 /* Build configuration list for PBXNativeTarget "SYNqFliQ" */;
			buildPhases = (
				9C0B8E672EC880DA000337A1 /* Frameworks */,
				9C0B8E682EC880DA000337A1 /* Resources */,
				9C9486332EC88C99005CE7CD /* Sources */,
			);
			buildRules = (
			);
			dependencies = (
			);
			fileSystemSynchronizedGroups = (
				9C0B8EA12EC887EF000337A1 /* Resources */,
			);
			name = SYNqFliQ;
			packageProductDependencies = (
				9C59C7F42ED2D51500FBABC3 /* FirebaseAuth */,
				9C59C7F62ED2D51500FBABC3 /* FirebaseCore */,
				9C59C7F82ED2D51500FBABC3 /* FirebaseFirestore */,
				9C59C7FE2ED2E52B00FBABC3 /* FirebaseStorage */,
			);
			productName = rhythm;
			productReference = 9C6CCC042EC88A7500CDB08F /* SYNqFliQ.app */;
			productType = "com.apple.product-type.application";
		};
		9C0B8E762EC880DC000337A1 /* SYNqFliQTests */ = {
			isa = PBXNativeTarget;
			buildConfigurationList = 9C0B8E8E2EC880DC000337A1 /* Build configuration list for PBXNativeTarget "SYNqFliQTests" */;
			buildPhases = (
				9C0B8E732EC880DC000337A1 /* Sources */,
				9C0B8E742EC880DC000337A1 /* Frameworks */,
				9C0B8E752EC880DC000337A1 /* Resources */,
			);
			buildRules = (
			);
			dependencies = (
				9C0B8E792EC880DC000337A1 /* PBXTargetDependency */,
			);
			fileSystemSynchronizedGroups = (
				9C0B8E7A2EC880DC000337A1 /* SYNqFliQTests */,
			);
			name = SYNqFliQTests;
			packageProductDependencies = (
			);
			productName = rhythmTests;
			productReference = 9C6CCC052EC88A7500CDB08F /* SYNqFliQTests.xctest */;
			productType = "com.apple.product-type.bundle.unit-test";
		};
		9C0B8E802EC880DC000337A1 /* SYNqFliQUITests */ = {
			isa = PBXNativeTarget;
			buildConfigurationList = 9C0B8E912EC880DC000337A1 /* Build configuration list for PBXNativeTarget "SYNqFliQUITests" */;
			buildPhases = (
				9C0B8E7D2EC880DC000337A1 /* Sources */,
				9C0B8E7E2EC880DC000337A1 /* Frameworks */,
				9C0B8E7F2EC880DC000337A1 /* Resources */,
			);
			buildRules = (
			);
			dependencies = (
				9C0B8E832EC880DC000337A1 /* PBXTargetDependency */,
			);
			fileSystemSynchronizedGroups = (
				9C0B8E842EC880DC000337A1 /* SYNqFliQUITests */,
			);
			name = SYNqFliQUITests;
			packageProductDependencies = (
			);
			productName = rhythmUITests;
			productReference = 9C6CCC062EC88A7500CDB08F /* SYNqFliQUITests.xctest */;
			productType = "com.apple.product-type.bundle.ui-testing";
		};
/* End PBXNativeTarget section */

/* Begin PBXProject section */
		9C0B8E622EC880DA000337A1 /* Project object */ = {
			isa = PBXProject;
			attributes = {
				BuildIndependentTargetsInParallel = 1;
				LastSwiftUpdateCheck = 2610;
				LastUpgradeCheck = 2610;
				TargetAttributes = {
					9C0B8E692EC880DA000337A1 = {
						CreatedOnToolsVersion = 26.1;
					};
					9C0B8E762EC880DC000337A1 = {
						CreatedOnToolsVersion = 26.1;
						TestTargetID = 9C0B8E692EC880DA000337A1;
					};
					9C0B8E802EC880DC000337A1 = {
						CreatedOnToolsVersion = 26.1;
						TestTargetID = 9C0B8E692EC880DA000337A1;
					};
				};
			};
			buildConfigurationList = 9C0B8E652EC880DA000337A1 /* Build configuration list for PBXProject "SYNqFliQ" */;
			developmentRegion = en;
			hasScannedForEncodings = 0;
			knownRegions = (
				en,
				Base,
			);
			mainGroup = 9C0B8E612EC880DA000337A1;
			minimizedProjectReferenceProxies = 1;
			packageReferences = (
				9C59C7F32ED2D3E100FBABC3 /* XCRemoteSwiftPackageReference "firebase-ios-sdk" */,
			);
			preferredProjectObjectVersion = 77;
			productRefGroup = 9C0B8E612EC880DA000337A1;
			projectDirPath = "";
			projectRoot = "";
			targets = (
				9C0B8E692EC880DA000337A1 /* SYNqFliQ */,
				9C0B8E762EC880DC000337A1 /* SYNqFliQTests */,
				9C0B8E802EC880DC000337A1 /* SYNqFliQUITests */,
			);
		};
/* End PBXProject section */

/* Begin PBXResourcesBuildPhase section */
		9C0B8E682EC880DA000337A1 /* Resources */ = {
			isa = PBXResourcesBuildPhase;
			buildActionMask = 2147483647;
			files = (
			);
			runOnlyForDeploymentPostprocessing = 0;
		};
		9C0B8E752EC880DC000337A1 /* Resources */ = {
			isa = PBXResourcesBuildPhase;
			buildActionMask = 2147483647;
			files = (
			);
			runOnlyForDeploymentPostprocessing = 0;
		};
		9C0B8E7F2EC880DC000337A1 /* Resources */ = {
			isa = PBXResourcesBuildPhase;
			buildActionMask = 2147483647;
			files = (
			);
			runOnlyForDeploymentPostprocessing = 0;
		};
/* End PBXResourcesBuildPhase section */

/* Begin PBXSourcesBuildPhase section */
		9C0B8E732EC880DC000337A1 /* Sources */ = {
			isa = PBXSourcesBuildPhase;
			buildActionMask = 2147483647;
			files = (
			);
			runOnlyForDeploymentPostprocessing = 0;
		};
		9C0B8E7D2EC880DC000337A1 /* Sources */ = {
			isa = PBXSourcesBuildPhase;
			buildActionMask = 2147483647;
			files = (
			);
			runOnlyForDeploymentPostprocessing = 0;
		};
		9C9486332EC88C99005CE7CD /* Sources */ = {
			isa = PBXSourcesBuildPhase;
			buildActionMask = 2147483647;
			files = (
			);
			runOnlyForDeploymentPostprocessing = 0;
		};
/* End PBXSourcesBuildPhase section */

/* Begin PBXTargetDependency section */
		9C0B8E792EC880DC000337A1 /* PBXTargetDependency */ = {
			isa = PBXTargetDependency;
			target = 9C0B8E692EC880DA000337A1 /* SYNqFliQ */;
			targetProxy = 9C0B8E782EC880DC000337A1 /* PBXContainerItemProxy */;
		};
		9C0B8E832EC880DC000337A1 /* PBXTargetDependency */ = {
			isa = PBXTargetDependency;
			target = 9C0B8E692EC880DA000337A1 /* SYNqFliQ */;
			targetProxy = 9C0B8E822EC880DC000337A1 /* PBXContainerItemProxy */;
		};
/* End PBXTargetDependency section */

/* Begin XCBuildConfiguration section */
		9C0B8E892EC880DC000337A1 /* Debug */ = {
			isa = XCBuildConfiguration;
			buildSettings = {
				ALWAYS_SEARCH_USER_PATHS = NO;
				ASSETCATALOG_COMPILER_GENERATE_SWIFT_ASSET_SYMBOL_EXTENSIONS = YES;
				CLANG_ANALYZER_NONNULL = YES;
				CLANG_ANALYZER_NUMBER_OBJECT_CONVERSION = YES_AGGRESSIVE;
				CLANG_CXX_LANGUAGE_STANDARD = "gnu++20";
				CLANG_ENABLE_MODULES = YES;
				CLANG_ENABLE_OBJC_ARC = YES;
				CLANG_ENABLE_OBJC_WEAK = YES;
				CLANG_WARN_BLOCK_CAPTURE_AUTORELEASING = YES;
				CLANG_WARN_BOOL_CONVERSION = YES;
				CLANG_WARN_COMMA = YES;
				CLANG_WARN_CONSTANT_CONVERSION = YES;
				CLANG_WARN_DEPRECATED_OBJC_IMPLEMENTATIONS = YES;
				CLANG_WARN_DIRECT_OBJC_ISA_USAGE = YES_ERROR;
				CLANG_WARN_DOCUMENTATION_COMMENTS = YES;
				CLANG_WARN_EMPTY_BODY = YES;
				CLANG_WARN_ENUM_CONVERSION = YES;
				CLANG_WARN_INFINITE_RECURSION = YES;
				CLANG_WARN_INT_CONVERSION = YES;
				CLANG_WARN_NON_LITERAL_NULL_CONVERSION = YES;
				CLANG_WARN_OBJC_IMPLICIT_RETAIN_SELF = YES;
				CLANG_WARN_OBJC_LITERAL_CONVERSION = YES;
				CLANG_WARN_OBJC_ROOT_CLASS = YES_ERROR;
				CLANG_WARN_QUOTED_INCLUDE_IN_FRAMEWORK_HEADER = YES;
				CLANG_WARN_RANGE_LOOP_ANALYSIS = YES;
				CLANG_WARN_STRICT_PROTOTYPES = YES;
				CLANG_WARN_SUSPICIOUS_MOVE = YES;
				CLANG_WARN_UNGUARDED_AVAILABILITY = YES_AGGRESSIVE;
				CLANG_WARN_UNREACHABLE_CODE = YES;
				CLANG_WARN__DUPLICATE_METHOD_MATCH = YES;
				COPY_PHASE_STRIP = NO;
				DEBUG_INFORMATION_FORMAT = dwarf;
				DEVELOPMENT_TEAM = KYYURCTQW9;
				ENABLE_STRICT_OBJC_MSGSEND = YES;
				ENABLE_TESTABILITY = YES;
				ENABLE_USER_SCRIPT_SANDBOXING = YES;
				GCC_C_LANGUAGE_STANDARD = gnu17;
				GCC_DYNAMIC_NO_PIC = NO;
				GCC_NO_COMMON_BLOCKS = YES;
				GCC_OPTIMIZATION_LEVEL = 0;
				GCC_PREPROCESSOR_DEFINITIONS = (
					"DEBUG=1",
					"$(inherited)",
				);
				GCC_WARN_64_TO_32_BIT_CONVERSION = YES;
				GCC_WARN_ABOUT_RETURN_TYPE = YES_ERROR;
				GCC_WARN_UNDECLARED_SELECTOR = YES;
				GCC_WARN_UNINITIALIZED_AUTOS = YES_AGGRESSIVE;
				GCC_WARN_UNUSED_FUNCTION = YES;
				GCC_WARN_UNUSED_VARIABLE = YES;
				IPHONEOS_DEPLOYMENT_TARGET = 18.6;
				LOCALIZATION_PREFERS_STRING_CATALOGS = YES;
				MTL_ENABLE_DEBUG_INFO = INCLUDE_SOURCE;
				MTL_FAST_MATH = YES;
				ONLY_ACTIVE_ARCH = YES;
				SDKROOT = iphoneos;
				SWIFT_ACTIVE_COMPILATION_CONDITIONS = "DEBUG $(inherited)";
				SWIFT_OPTIMIZATION_LEVEL = "-Onone";
			};
			name = Debug;
		};
		9C0B8E8A2EC880DC000337A1 /* Release */ = {
			isa = XCBuildConfiguration;
			buildSettings = {
				ALWAYS_SEARCH_USER_PATHS = NO;
				ASSETCATALOG_COMPILER_GENERATE_SWIFT_ASSET_SYMBOL_EXTENSIONS = YES;
				CLANG_ANALYZER_NONNULL = YES;
				CLANG_ANALYZER_NUMBER_OBJECT_CONVERSION = YES_AGGRESSIVE;
				CLANG_CXX_LANGUAGE_STANDARD = "gnu++20";
				CLANG_ENABLE_MODULES = YES;
				CLANG_ENABLE_OBJC_ARC = YES;
				CLANG_ENABLE_OBJC_WEAK = YES;
				CLANG_WARN_BLOCK_CAPTURE_AUTORELEASING = YES;
				CLANG_WARN_BOOL_CONVERSION = YES;
				CLANG_WARN_COMMA = YES;
				CLANG_WARN_CONSTANT_CONVERSION = YES;
				CLANG_WARN_DEPRECATED_OBJC_IMPLEMENTATIONS = YES;
				CLANG_WARN_DIRECT_OBJC_ISA_USAGE = YES_ERROR;
				CLANG_WARN_DOCUMENTATION_COMMENTS = YES;
				CLANG_WARN_EMPTY_BODY = YES;
				CLANG_WARN_ENUM_CONVERSION = YES;
				CLANG_WARN_INFINITE_RECURSION = YES;
				CLANG_WARN_INT_CONVERSION = YES;
				CLANG_WARN_NON_LITERAL_NULL_CONVERSION = YES;
				CLANG_WARN_OBJC_IMPLICIT_RETAIN_SELF = YES;
				CLANG_WARN_OBJC_LITERAL_CONVERSION = YES;
				CLANG_WARN_OBJC_ROOT_CLASS = YES_ERROR;
				CLANG_WARN_QUOTED_INCLUDE_IN_FRAMEWORK_HEADER = YES;
				CLANG_WARN_RANGE_LOOP_ANALYSIS = YES;
				CLANG_WARN_STRICT_PROTOTYPES = YES;
				CLANG_WARN_SUSPICIOUS_MOVE = YES;
				CLANG_WARN_UNGUARDED_AVAILABILITY = YES_AGGRESSIVE;
				CLANG_WARN_UNREACHABLE_CODE = YES;
				CLANG_WARN__DUPLICATE_METHOD_MATCH = YES;
				COPY_PHASE_STRIP = NO;
				DEBUG_INFORMATION_FORMAT = "dwarf-with-dsym";
				DEVELOPMENT_TEAM = KYYURCTQW9;
				ENABLE_NS_ASSERTIONS = NO;
				ENABLE_STRICT_OBJC_MSGSEND = YES;
				ENABLE_USER_SCRIPT_SANDBOXING = YES;
				GCC_C_LANGUAGE_STANDARD = gnu17;
				GCC_NO_COMMON_BLOCKS = YES;
				GCC_WARN_64_TO_32_BIT_CONVERSION = YES;
				GCC_WARN_ABOUT_RETURN_TYPE = YES_ERROR;
				GCC_WARN_UNDECLARED_SELECTOR = YES;
				GCC_WARN_UNINITIALIZED_AUTOS = YES_AGGRESSIVE;
				GCC_WARN_UNUSED_FUNCTION = YES;
				GCC_WARN_UNUSED_VARIABLE = YES;
				IPHONEOS_DEPLOYMENT_TARGET = 18.6;
				LOCALIZATION_PREFERS_STRING_CATALOGS = YES;
				MTL_ENABLE_DEBUG_INFO = NO;
				MTL_FAST_MATH = YES;
				ONLY_ACTIVE_ARCH = YES;
				SDKROOT = iphoneos;
				SWIFT_COMPILATION_MODE = wholemodule;
				VALIDATE_PRODUCT = YES;
			};
			name = Release;
		};
		9C0B8E8C2EC880DC000337A1 /* Debug */ = {
			isa = XCBuildConfiguration;
			buildSettings = {
				ASSETCATALOG_COMPILER_APPICON_NAME = AppIcon;
				ASSETCATALOG_COMPILER_GLOBAL_ACCENT_COLOR_NAME = AccentColor;
				CODE_SIGN_STYLE = Automatic;
				CURRENT_PROJECT_VERSION = 1;
				DEVELOPMENT_TEAM = KYYURCTQW9;
				ENABLE_PREVIEWS = YES;
				GENERATE_INFOPLIST_FILE = YES;
				INFOPLIST_FILE = SYNqFliQ/Info.plist;
				INFOPLIST_KEY_LSApplicationCategoryType = "public.app-category.music-games";
				INFOPLIST_KEY_UIApplicationSceneManifest_Generation = YES;
				INFOPLIST_KEY_UIApplicationSupportsIndirectInputEvents = YES;
				INFOPLIST_KEY_UILaunchScreen_Generation = YES;
				INFOPLIST_KEY_UISupportedInterfaceOrientations_iPad = "UIInterfaceOrientationPortrait UIInterfaceOrientationPortraitUpsideDown UIInterfaceOrientationLandscapeLeft UIInterfaceOrientationLandscapeRight";
				INFOPLIST_KEY_UISupportedInterfaceOrientations_iPhone = "UIInterfaceOrientationPortrait UIInterfaceOrientationLandscapeLeft UIInterfaceOrientationLandscapeRight";
				IPHONEOS_DEPLOYMENT_TARGET = 18.6;
				LD_RUNPATH_SEARCH_PATHS = (
					"$(inherited)",
					"@executable_path/Frameworks",
				);
				MARKETING_VERSION = 1.0;
				PRODUCT_BUNDLE_IDENTIFIER = com.akamurasaki.synqfliq;
				PRODUCT_NAME = "$(TARGET_NAME)";
				STRING_CATALOG_GENERATE_SYMBOLS = YES;
				SWIFT_APPROACHABLE_CONCURRENCY = YES;
				SWIFT_DEFAULT_ACTOR_ISOLATION = MainActor;
				SWIFT_EMIT_LOC_STRINGS = YES;
				SWIFT_UPCOMING_FEATURE_MEMBER_IMPORT_VISIBILITY = YES;
				SWIFT_VERSION = 5.0;
				TARGETED_DEVICE_FAMILY = "1,2";
			};
			name = Debug;
		};
		9C0B8E8D2EC880DC000337A1 /* Release */ = {
			isa = XCBuildConfiguration;
			buildSettings = {
				ASSETCATALOG_COMPILER_APPICON_NAME = AppIcon;
				ASSETCATALOG_COMPILER_GLOBAL_ACCENT_COLOR_NAME = AccentColor;
				CODE_SIGN_STYLE = Automatic;
				CURRENT_PROJECT_VERSION = 1;
				DEVELOPMENT_TEAM = KYYURCTQW9;
				ENABLE_PREVIEWS = YES;
				GENERATE_INFOPLIST_FILE = YES;
				INFOPLIST_FILE = SYNqFliQ/Info.plist;
				INFOPLIST_KEY_LSApplicationCategoryType = "public.app-category.music-games";
				INFOPLIST_KEY_UIApplicationSceneManifest_Generation = YES;
				INFOPLIST_KEY_UIApplicationSupportsIndirectInputEvents = YES;
				INFOPLIST_KEY_UILaunchScreen_Generation = YES;
				INFOPLIST_KEY_UISupportedInterfaceOrientations_iPad = "UIInterfaceOrientationPortrait UIInterfaceOrientationPortraitUpsideDown UIInterfaceOrientationLandscapeLeft UIInterfaceOrientationLandscapeRight";
				INFOPLIST_KEY_UISupportedInterfaceOrientations_iPhone = "UIInterfaceOrientationPortrait UIInterfaceOrientationLandscapeLeft UIInterfaceOrientationLandscapeRight";
				IPHONEOS_DEPLOYMENT_TARGET = 18.6;
				LD_RUNPATH_SEARCH_PATHS = (
					"$(inherited)",
					"@executable_path/Frameworks",
				);
				MARKETING_VERSION = 1.0;
				PRODUCT_BUNDLE_IDENTIFIER = com.akamurasaki.synqfliq;
				PRODUCT_NAME = "$(TARGET_NAME)";
				STRING_CATALOG_GENERATE_SYMBOLS = YES;
				SWIFT_APPROACHABLE_CONCURRENCY = YES;
				SWIFT_DEFAULT_ACTOR_ISOLATION = MainActor;
				SWIFT_EMIT_LOC_STRINGS = YES;
				SWIFT_UPCOMING_FEATURE_MEMBER_IMPORT_VISIBILITY = YES;
				SWIFT_VERSION = 5.0;
				TARGETED_DEVICE_FAMILY = "1,2";
			};
			name = Release;
		};
		9C0B8E8F2EC880DC000337A1 /* Debug */ = {
			isa = XCBuildConfiguration;
			buildSettings = {
				BUNDLE_LOADER = "$(TEST_HOST)";
				CODE_SIGN_STYLE = Automatic;
				CURRENT_PROJECT_VERSION = 1;
				DEVELOPMENT_TEAM = KYYURCTQW9;
				GENERATE_INFOPLIST_FILE = YES;
				IPHONEOS_DEPLOYMENT_TARGET = 18.6;
				MARKETING_VERSION = 1.0;
				PRODUCT_BUNDLE_IDENTIFIER = Akamurasaki.rhythmTests;
				PRODUCT_NAME = "$(TARGET_NAME)";
				STRING_CATALOG_GENERATE_SYMBOLS = NO;
				SWIFT_APPROACHABLE_CONCURRENCY = YES;
				SWIFT_EMIT_LOC_STRINGS = NO;
				SWIFT_UPCOMING_FEATURE_MEMBER_IMPORT_VISIBILITY = YES;
				SWIFT_VERSION = 5.0;
				TARGETED_DEVICE_FAMILY = "1,2";
				TEST_HOST = "$(BUILT_PRODUCTS_DIR)/rhythm.app/$(BUNDLE_EXECUTABLE_FOLDER_PATH)/rhythm";
			};
			name = Debug;
		};
		9C0B8E902EC880DC000337A1 /* Release */ = {
			isa = XCBuildConfiguration;
			buildSettings = {
				BUNDLE_LOADER = "$(TEST_HOST)";
				CODE_SIGN_STYLE = Automatic;
				CURRENT_PROJECT_VERSION = 1;
				DEVELOPMENT_TEAM = KYYURCTQW9;
				GENERATE_INFOPLIST_FILE = YES;
				IPHONEOS_DEPLOYMENT_TARGET = 18.6;
				MARKETING_VERSION = 1.0;
				PRODUCT_BUNDLE_IDENTIFIER = Akamurasaki.rhythmTests;
				PRODUCT_NAME = "$(TARGET_NAME)";
				STRING_CATALOG_GENERATE_SYMBOLS = NO;
				SWIFT_APPROACHABLE_CONCURRENCY = YES;
				SWIFT_EMIT_LOC_STRINGS = NO;
				SWIFT_UPCOMING_FEATURE_MEMBER_IMPORT_VISIBILITY = YES;
				SWIFT_VERSION = 5.0;
				TARGETED_DEVICE_FAMILY = "1,2";
				TEST_HOST = "$(BUILT_PRODUCTS_DIR)/rhythm.app/$(BUNDLE_EXECUTABLE_FOLDER_PATH)/rhythm";
			};
			name = Release;
		};
		9C0B8E922EC880DC000337A1 /* Debug */ = {
			isa = XCBuildConfiguration;
			buildSettings = {
				CODE_SIGN_STYLE = Automatic;
				CURRENT_PROJECT_VERSION = 1;
				DEVELOPMENT_TEAM = KYYURCTQW9;
				GENERATE_INFOPLIST_FILE = YES;
				MARKETING_VERSION = 1.0;
				PRODUCT_BUNDLE_IDENTIFIER = Akamurasaki.rhythmUITests;
				PRODUCT_NAME = "$(TARGET_NAME)";
				STRING_CATALOG_GENERATE_SYMBOLS = NO;
				SWIFT_APPROACHABLE_CONCURRENCY = YES;
				SWIFT_EMIT_LOC_STRINGS = NO;
				SWIFT_UPCOMING_FEATURE_MEMBER_IMPORT_VISIBILITY = YES;
				SWIFT_VERSION = 5.0;
				TARGETED_DEVICE_FAMILY = "1,2";
				TEST_TARGET_NAME = rhythm;
			};
			name = Debug;
		};
		9C0B8E932EC880DC000337A1 /* Release */ = {
			isa = XCBuildConfiguration;
			buildSettings = {
				CODE_SIGN_STYLE = Automatic;
				CURRENT_PROJECT_VERSION = 1;
				DEVELOPMENT_TEAM = KYYURCTQW9;
				GENERATE_INFOPLIST_FILE = YES;
				MARKETING_VERSION = 1.0;
				PRODUCT_BUNDLE_IDENTIFIER = Akamurasaki.rhythmUITests;
				PRODUCT_NAME = "$(TARGET_NAME)";
				STRING_CATALOG_GENERATE_SYMBOLS = NO;
				SWIFT_APPROACHABLE_CONCURRENCY = YES;
				SWIFT_EMIT_LOC_STRINGS = NO;
				SWIFT_UPCOMING_FEATURE_MEMBER_IMPORT_VISIBILITY = YES;
				SWIFT_VERSION = 5.0;
				TARGETED_DEVICE_FAMILY = "1,2";
				TEST_TARGET_NAME = rhythm;
			};
			name = Release;
		};
/* End XCBuildConfiguration section */

/* Begin XCConfigurationList section */
		9C0B8E652EC880DA000337A1 /* Build configuration list for PBXProject "SYNqFliQ" */ = {
			isa = XCConfigurationList;
			buildConfigurations = (
				9C0B8E892EC880DC000337A1 /* Debug */,
				9C0B8E8A2EC880DC000337A1 /* Release */,
			);
			defaultConfigurationIsVisible = 0;
			defaultConfigurationName = Release;
		};
		9C0B8E8B2EC880DC000337A1 /* Build configuration list for PBXNativeTarget "SYNqFliQ" */ = {
			isa = XCConfigurationList;
			buildConfigurations = (
				9C0B8E8C2EC880DC000337A1 /* Debug */,
				9C0B8E8D2EC880DC000337A1 /* Release */,
			);
			defaultConfigurationIsVisible = 0;
			defaultConfigurationName = Release;
		};
		9C0B8E8E2EC880DC000337A1 /* Build configuration list for PBXNativeTarget "SYNqFliQTests" */ = {
			isa = XCConfigurationList;
			buildConfigurations = (
				9C0B8E8F2EC880DC000337A1 /* Debug */,
				9C0B8E902EC880DC000337A1 /* Release */,
			);
			defaultConfigurationIsVisible = 0;
			defaultConfigurationName = Release;
		};
		9C0B8E912EC880DC000337A1 /* Build configuration list for PBXNativeTarget "SYNqFliQUITests" */ = {
			isa = XCConfigurationList;
			buildConfigurations = (
				9C0B8E922EC880DC000337A1 /* Debug */,
				9C0B8E932EC880DC000337A1 /* Release */,
			);
			defaultConfigurationIsVisible = 0;
			defaultConfigurationName = Release;
		};
/* End XCConfigurationList section */

/* Begin XCRemoteSwiftPackageReference section */
		9C59C7F32ED2D3E100FBABC3 /* XCRemoteSwiftPackageReference "firebase-ios-sdk" */ = {
			isa = XCRemoteSwiftPackageReference;
			repositoryURL = "https://github.com/firebase/firebase-ios-sdk";
			requirement = {
				kind = upToNextMajorVersion;
				minimumVersion = 12.6.0;
			};
		};
/* End XCRemoteSwiftPackageReference section */

/* Begin XCSwiftPackageProductDependency section */
		9C59C7F42ED2D51500FBABC3 /* FirebaseAuth */ = {
			isa = XCSwiftPackageProductDependency;
			package = 9C59C7F32ED2D3E100FBABC3 /* XCRemoteSwiftPackageReference "firebase-ios-sdk" */;
			productName = FirebaseAuth;
		};
		9C59C7F62ED2D51500FBABC3 /* FirebaseCore */ = {
			isa = XCSwiftPackageProductDependency;
			package = 9C59C7F32ED2D3E100FBABC3 /* XCRemoteSwiftPackageReference "firebase-ios-sdk" */;
			productName = FirebaseCore;
		};
		9C59C7F82ED2D51500FBABC3 /* FirebaseFirestore */ = {
			isa = XCSwiftPackageProductDependency;
			package = 9C59C7F32ED2D3E100FBABC3 /* XCRemoteSwiftPackageReference "firebase-ios-sdk" */;
			productName = FirebaseFirestore;
		};
		9C59C7FE2ED2E52B00FBABC3 /* FirebaseStorage */ = {
			isa = XCSwiftPackageProductDependency;
			package = 9C59C7F32ED2D3E100FBABC3 /* XCRemoteSwiftPackageReference "firebase-ios-sdk" */;
			productName = FirebaseStorage;
		};
/* End XCSwiftPackageProductDependency section */
	};
	rootObject = 9C0B8E622EC880DA000337A1 /* Project object */;
}
